
Microsoft Visual Studio Solution File, Format Version 12.00
# Visual Studio Version 17
VisualStudioVersion = 17.0.31903.59
MinimumVisualStudioVersion = 10.0.40219.1
Project("{FAE04EC0-301F-11D3-BF4B-00C04F79EFBC}") = "DS4Xbox", "DS4Xbox.csproj", "{F2626B57-5E41-4F81-8492-102666476B0B}"
EndProject
Project("{FAE04EC0-301F-11D3-BF4B-00C04F79EFBC}") = "DS4Xbox.Tests", "DS4Xbox.Tests\DS4Xbox.Tests.csproj", "{40EAB449-AA26-46FD-91DD-6CED95418223}"
EndProject
Global
	GlobalSection(SolutionConfigurationPlatforms) = preSolution
		Debug|Any CPU = Debug|Any CPU
		Release|Any CPU = Release|Any CPU
	EndGlobalSection
	GlobalSection(SolutionProperties) = preSolution
		HideSolutionNode = FALSE
	EndGlobalSection
	GlobalSection(ProjectConfigurationPlatforms) = postSolution
		{F2626B57-5E41-4F81-8492-102666476B0B}.Debug|Any CPU.ActiveCfg = Debug|Any CPU
		{F2626B57-5E41-4F81-8492-102666476B0B}.Debug|Any CPU.Build.0 = Debug|Any CPU
		{F2626B57-5E41-4F81-8492-102666476B0B}.Release|Any CPU.ActiveCfg = Release|Any CPU
		{F2626B57-5E41-4F81-8492-102666476B0B}.Release|Any CPU.Build.0 = Release|Any CPU
		{40EAB449-AA26-46FD-91DD-6CED95418223}.Debug|Any CPU.ActiveCfg = Debug|Any CPU
		{40EAB449-AA26-46FD-91DD-6CED95418223}.Debug|Any CPU.Build.0 = Debug|Any CPU
		{40EAB449-AA26-46FD-91DD-6CED95418223}.Release|Any CPU.ActiveCfg = Release|Any CPU
		{40EAB449-AA26-46FD-91DD-6CED95418223}.Release|Any CPU.Build.0 = Release|Any CPU
	EndGlobalSection
EndGlobal
